
Microsoft Visual Studio Solution File, Format Version 12.00
# Visual Studio Version 16
VisualStudioVersion = 16.0.30309.148
MinimumVisualStudioVersion = 10.0.40219.1
Project("{FAE04EC0-301F-11D3-BF4B-00C04F79EFBC}") = "Zavrsni", "Zavrsni\Zavrsni.csproj", "{11A3EDAB-9BDD-4086-9C7A-8EC6190D8E41}"
EndProject
Global
	GlobalSection(SolutionConfigurationPlatforms) = preSolution
		Debug|Any CPU = Debug|Any CPU
		Release|Any CPU = Release|Any CPU
	EndGlobalSection
	GlobalSection(ProjectConfigurationPlatforms) = postSolution
		{11A3EDAB-9BDD-4086-9C7A-8EC6190D8E41}.Debug|Any CPU.ActiveCfg = Debug|Any CPU
		{11A3EDAB-9BDD-4086-9C7A-8EC6190D8E41}.Debug|Any CPU.Build.0 = Debug|Any CPU
		{11A3EDAB-9BDD-4086-9C7A-8EC6190D8E41}.Release|Any CPU.ActiveCfg = Release|Any CPU
		{11A3EDAB-9BDD-4086-9C7A-8EC6190D8E41}.Release|Any CPU.Build.0 = Release|Any CPU
	EndGlobalSection
	GlobalSection(SolutionProperties) = preSolution
		HideSolutionNode = FALSE
	EndGlobalSection
	GlobalSection(ExtensibilityGlobals) = postSolution
		SolutionGuid = {EF6000ED-536B-4CA7-B0E0-2B059074CCAF}
	EndGlobalSection
EndGlobal
